{
  "version": 4,
  "terraform_version": "1.14.6",
  "serial": 17,
  "lineage": "9034372f-7fbc-e374-43c5-5599e8619440",
  "outputs": {},
  "resources": [
    {
      "mode": "managed",
      "type": "oci_core_nat_gateway",
      "name": "db_nat",
      "provider": "provider[\"registry.terraform.io/oracle/oci\"]",
      "instances": [
        {
          "schema_version": 0,
          "attributes": {
            "block_traffic": false,
            "compartment_id": "ocid1.tenancy.oc1..aaaaaaaanu6q52rtxkgospl63a6wrr2qzxseeuk5wstbgbcfgoigphqhhbqa",
            "defined_tags": {
              "Oracle-Tags.CreatedBy": "default/kalyan645@gmail.com",
              "Oracle-Tags.CreatedOn": "2026-03-03T07:52:12.005Z"
            },
            "display_name": "dbre-lab-nat",
            "freeform_tags": {},
            "id": "ocid1.natgateway.oc1.ap-hyderabad-1.aaaaaaaaji3foa47wkhlfj7inqeid5yjzbw3nie7j477d2ddlpogcaqnhbcq",
            "nat_ip": "140.245.208.43",
            "public_ip_id": "ocid1.publicip.oc1.ap-hyderabad-1.aaaaaaaakee7ew4q7vgi26gbl4buxknduhg2e63vsojlxubllbxzixitq6tq",
            "route_table_id": null,
            "state": "AVAILABLE",
            "time_created": "2026-03-03 07:52:12.158 +0000 UTC",
            "timeouts": null,
            "vcn_id": "ocid1.vcn.oc1.ap-hyderabad-1.amaaaaaavyanj3aadnf3c43t62qij5lutrnuhcgxyezq5kw72tbhqqfktg6a"
          },
          "sensitive_attributes": [],
          "identity_schema_version": 0,
          "private": "eyJlMmJmYjczMC1lY2FhLTExZTYtOGY4OC0zNDM2M2JjN2M0YzAiOnsiY3JlYXRlIjoxMjAwMDAwMDAwMDAwLCJkZWxldGUiOjEyMDAwMDAwMDAwMDAsInVwZGF0ZSI6MTIwMDAwMDAwMDAwMH19",
          "dependencies": [
            "oci_core_vcn.lab_vcn"
          ]
        }
      ]
    },
    {
      "mode": "managed",
      "type": "oci_core_subnet",
      "name": "db_private_subnet",
      "provider": "provider[\"registry.terraform.io/oracle/oci\"]",
      "instances": [
        {
          "schema_version": 0,
          "attributes": {
            "availability_domain": null,
            "cidr_block": "10.0.10.0/24",
            "compartment_id": "ocid1.tenancy.oc1..aaaaaaaanu6q52rtxkgospl63a6wrr2qzxseeuk5wstbgbcfgoigphqhhbqa",
            "defined_tags": {
              "Oracle-Tags.CreatedBy": "default/kalyan645@gmail.com",
              "Oracle-Tags.CreatedOn": "2026-03-03T08:56:48.697Z"
            },
            "dhcp_options_id": "ocid1.dhcpoptions.oc1.ap-hyderabad-1.aaaaaaaagynqu535ubfu2gcz2pdue6sgzxvgb6atbw7uypjxhgbwvzauz2ka",
            "display_name": "dbre-db-private",
            "dns_label": "dbpriv",
            "freeform_tags": {},
            "id": "ocid1.subnet.oc1.ap-hyderabad-1.aaaaaaaah3xqs6dsqbam6r5ymtlshmq3soobkveioa3gzi6tpnhe4som6tya",
            "ipv6cidr_block": null,
            "ipv6cidr_blocks": [],
            "ipv6virtual_router_ip": null,
            "prohibit_internet_ingress": true,
            "prohibit_public_ip_on_vnic": true,
            "route_table_id": "ocid1.routetable.oc1.ap-hyderabad-1.aaaaaaaa32fjsrwarfecczu5wwlbynfhzi34jcqvgpjyvwynzl2cr77gfnbq",
            "security_list_ids": [
              "ocid1.securitylist.oc1.ap-hyderabad-1.aaaaaaaagssj6wfwjcel7zp7k4lwib2ylphxbkw3p3tiru3ybs5oeif5chka"
            ],
            "state": "AVAILABLE",
            "subnet_domain_name": "dbpriv.labvcn.oraclevcn.com",
            "time_created": "2026-03-03 08:56:48.725 +0000 UTC",
            "timeouts": null,
            "vcn_id": "ocid1.vcn.oc1.ap-hyderabad-1.amaaaaaavyanj3aadnf3c43t62qij5lutrnuhcgxyezq5kw72tbhqqfktg6a",
            "virtual_router_ip": "10.0.10.1",
            "virtual_router_mac": "00:00:17:D4:97:0E"
          },
          "sensitive_attributes": [],
          "identity_schema_version": 0,
          "private": "eyJlMmJmYjczMC1lY2FhLTExZTYtOGY4OC0zNDM2M2JjN2M0YzAiOnsiY3JlYXRlIjoxMjAwMDAwMDAwMDAwLCJkZWxldGUiOjEyMDAwMDAwMDAwMDAsInVwZGF0ZSI6MTIwMDAwMDAwMDAwMH19",
          "dependencies": [
            "oci_core_vcn.lab_vcn"
          ]
        }
      ]
    },
    {
      "mode": "managed",
      "type": "oci_core_vcn",
      "name": "lab_vcn",
      "provider": "provider[\"registry.terraform.io/oracle/oci\"]",
      "instances": [
        {
          "schema_version": 0,
          "attributes": {
            "byoipv6cidr_blocks": [],
            "byoipv6cidr_details": [],
            "cidr_block": "10.0.0.0/16",
            "cidr_blocks": [
              "10.0.0.0/16"
            ],
            "compartment_id": "ocid1.tenancy.oc1..aaaaaaaanu6q52rtxkgospl63a6wrr2qzxseeuk5wstbgbcfgoigphqhhbqa",
            "default_dhcp_options_id": "ocid1.dhcpoptions.oc1.ap-hyderabad-1.aaaaaaaagynqu535ubfu2gcz2pdue6sgzxvgb6atbw7uypjxhgbwvzauz2ka",
            "default_route_table_id": "ocid1.routetable.oc1.ap-hyderabad-1.aaaaaaaa32fjsrwarfecczu5wwlbynfhzi34jcqvgpjyvwynzl2cr77gfnbq",
            "default_security_list_id": "ocid1.securitylist.oc1.ap-hyderabad-1.aaaaaaaagssj6wfwjcel7zp7k4lwib2ylphxbkw3p3tiru3ybs5oeif5chka",
            "defined_tags": {
              "Oracle-Tags.CreatedBy": "default/kalyan645@gmail.com",
              "Oracle-Tags.CreatedOn": "2026-03-03T07:34:14.826Z"
            },
            "display_name": "terraform-lab-vcn",
            "dns_label": "labvcn",
            "freeform_tags": {},
            "id": "ocid1.vcn.oc1.ap-hyderabad-1.amaaaaaavyanj3aadnf3c43t62qij5lutrnuhcgxyezq5kw72tbhqqfktg6a",
            "ipv6cidr_blocks": [],
            "ipv6private_cidr_blocks": [],
            "is_ipv6enabled": false,
            "is_oracle_gua_allocation_enabled": null,
            "security_attributes": {},
            "state": "AVAILABLE",
            "time_created": "2026-03-03 07:34:14.909 +0000 UTC",
            "timeouts": null,
            "vcn_domain_name": "labvcn.oraclevcn.com"
          },
          "sensitive_attributes": [],
          "identity_schema_version": 0,
          "private": "eyJlMmJmYjczMC1lY2FhLTExZTYtOGY4OC0zNDM2M2JjN2M0YzAiOnsiY3JlYXRlIjoxMjAwMDAwMDAwMDAwLCJkZWxldGUiOjEyMDAwMDAwMDAwMDAsInVwZGF0ZSI6MTIwMDAwMDAwMDAwMH19"
        }
      ]
    }
  ],
  "check_results": null
}
